{
  "name": "secret-stack",
  "version": "4.0.2",
  "lockfileVersion": 1,
  "requires": true,
  "dependencies": {
    "balanced-match": {
      "version": "0.4.2",
      "resolved": "https://registry.npmjs.org/balanced-match/-/balanced-match-0.4.2.tgz",
      "integrity": "sha1-yz8+PHMtwPAe5wtAPzAuYddwmDg=",
      "dev": true
    },
    "brace-expansion": {
      "version": "1.1.6",
      "resolved": "https://registry.npmjs.org/brace-expansion/-/brace-expansion-1.1.6.tgz",
      "integrity": "sha1-cZfX6qm4fmSDkOph/GbIRCdCDfk=",
      "dev": true,
      "requires": {
        "balanced-match": "0.4.2",
        "concat-map": "0.0.1"
      }
    },
    "chloride": {
      "version": "2.2.7",
      "resolved": "https://registry.npmjs.org/chloride/-/chloride-2.2.7.tgz",
      "integrity": "sha1-DmqdEYlKvkpEkR05iNoZLiIIt4Y=",
      "requires": {
        "is-electron": "2.0.0",
        "sodium-browserify": "1.2.1",
        "sodium-browserify-tweetnacl": "0.2.2",
        "sodium-chloride": "1.1.0",
        "sodium-native": "1.10.2"
      }
    },
    "chloride-test": {
      "version": "1.1.1",
      "resolved": "https://registry.npmjs.org/chloride-test/-/chloride-test-1.1.1.tgz",
      "integrity": "sha1-m4eizMmrWYKGjN2vm/Nz+bAB5N8=",
      "requires": {
        "json-buffer": "2.0.11"
      }
    },
    "concat-map": {
      "version": "0.0.1",
      "resolved": "https://registry.npmjs.org/concat-map/-/concat-map-0.0.1.tgz",
      "integrity": "sha1-2Klr13/Wjfd5OnMDajug1UBdR3s=",
      "dev": true
    },
    "deep-equal": {
      "version": "1.0.1",
      "resolved": "https://registry.npmjs.org/deep-equal/-/deep-equal-1.0.1.tgz",
      "integrity": "sha1-9dJgKStmDghO/0zbyfCK0yR0SLU="
    },
    "define-properties": {
      "version": "1.1.2",
      "resolved": "https://registry.npmjs.org/define-properties/-/define-properties-1.1.2.tgz",
      "integrity": "sha1-g6c/L+pWmJj7c3GTyPhzyvbUXJQ=",
      "dev": true,
      "requires": {
        "foreach": "2.0.5",
        "object-keys": "1.0.11"
      }
    },
    "defined": {
      "version": "1.0.0",
      "resolved": "https://registry.npmjs.org/defined/-/defined-1.0.0.tgz",
      "integrity": "sha1-yY2bzvdWdBiOEQlpFRGZ45sfppM=",
      "dev": true
    },
    "ed2curve": {
      "version": "0.1.4",
      "resolved": "https://registry.npmjs.org/ed2curve/-/ed2curve-0.1.4.tgz",
      "integrity": "sha1-lKRCSLuH2jXbDv968KpXYWgRf1k=",
      "requires": {
        "tweetnacl": "0.14.3"
      }
    },
    "es-abstract": {
      "version": "1.6.1",
      "resolved": "https://registry.npmjs.org/es-abstract/-/es-abstract-1.6.1.tgz",
      "integrity": "sha1-u4ogZBIKvPkooIbqPZBDEUKF7Jk=",
      "dev": true,
      "requires": {
        "es-to-primitive": "1.1.1",
        "function-bind": "1.1.0",
        "is-callable": "1.1.3",
        "is-regex": "1.0.3"
      }
    },
    "es-to-primitive": {
      "version": "1.1.1",
      "resolved": "https://registry.npmjs.org/es-to-primitive/-/es-to-primitive-1.1.1.tgz",
      "integrity": "sha1-RTVSSKiJeQNLZ5Lhm7gfK3l13Q0=",
      "dev": true,
      "requires": {
        "is-callable": "1.1.3",
        "is-date-object": "1.0.1",
        "is-symbol": "1.0.1"
      }
    },
    "explain-error": {
      "version": "1.0.4",
      "resolved": "https://registry.npmjs.org/explain-error/-/explain-error-1.0.4.tgz",
      "integrity": "sha1-p5PTrAytTGq1cemWj7urbLJTKSk="
    },
    "for-each": {
      "version": "0.3.2",
      "resolved": "https://registry.npmjs.org/for-each/-/for-each-0.3.2.tgz",
      "integrity": "sha1-LEBFC5NI6X8oEyJZO6lnBLmr1NQ=",
      "dev": true,
      "requires": {
        "is-function": "1.0.1"
      }
    },
    "foreach": {
      "version": "2.0.5",
      "resolved": "https://registry.npmjs.org/foreach/-/foreach-2.0.5.tgz",
      "integrity": "sha1-C+4AUBiusmDQo6865ljdATbsG5k=",
      "dev": true
    },
    "fs.realpath": {
      "version": "1.0.0",
      "resolved": "https://registry.npmjs.org/fs.realpath/-/fs.realpath-1.0.0.tgz",
      "integrity": "sha1-FQStJSMVjKpA20onh8sBQRmU6k8=",
      "dev": true
    },
    "function-bind": {
      "version": "1.1.0",
      "resolved": "https://registry.npmjs.org/function-bind/-/function-bind-1.1.0.tgz",
      "integrity": "sha1-FhdnFMgBeY5Ojyz391KUZ7tKV3E=",
      "dev": true
    },
    "glob": {
      "version": "7.1.1",
      "resolved": "https://registry.npmjs.org/glob/-/glob-7.1.1.tgz",
      "integrity": "sha1-gFIR3wT6rxxjo2ADBs31reULLsg=",
      "dev": true,
      "requires": {
        "fs.realpath": "1.0.0",
        "inflight": "1.0.6",
        "inherits": "2.0.3",
        "minimatch": "3.0.3",
        "once": "1.4.0",
        "path-is-absolute": "1.0.1"
      }
    },
    "has": {
      "version": "1.0.1",
      "resolved": "https://registry.npmjs.org/has/-/has-1.0.1.tgz",
      "integrity": "sha1-hGFzP1OLCDfJNh45qauelwTcLyg=",
      "dev": true,
      "requires": {
        "function-bind": "1.1.0"
      }
    },
    "hoox": {
      "version": "0.0.1",
      "resolved": "https://registry.npmjs.org/hoox/-/hoox-0.0.1.tgz",
      "integrity": "sha1-CKdNknKpzIOujmu+AwPw7nZDIJQ="
    },
    "increment-buffer": {
      "version": "1.0.1",
      "resolved": "https://registry.npmjs.org/increment-buffer/-/increment-buffer-1.0.1.tgz",
      "integrity": "sha1-ZQdtdRidgIs5rROrW5WOBSFvng0="
    },
    "inflight": {
      "version": "1.0.6",
      "resolved": "https://registry.npmjs.org/inflight/-/inflight-1.0.6.tgz",
      "integrity": "sha1-Sb1jMdfQLQwJvJEKEHW6gWW1bfk=",
      "dev": true,
      "requires": {
        "once": "1.4.0",
        "wrappy": "1.0.2"
      }
    },
    "inherits": {
      "version": "2.0.3",
      "resolved": "https://registry.npmjs.org/inherits/-/inherits-2.0.3.tgz",
      "integrity": "sha1-Yzwsg+PaQqUC9SRmAiSA9CCCYd4="
    },
    "ip": {
      "version": "1.1.5",
      "resolved": "https://registry.npmjs.org/ip/-/ip-1.1.5.tgz",
      "integrity": "sha1-vd7XARQpCCjAoDnnLvJfWq7ENUo="
    },
    "is-callable": {
      "version": "1.1.3",
      "resolved": "https://registry.npmjs.org/is-callable/-/is-callable-1.1.3.tgz",
      "integrity": "sha1-hut1OSgF3cM69xySoO7fdO52BLI=",
      "dev": true
    },
    "is-date-object": {
      "version": "1.0.1",
      "resolved": "https://registry.npmjs.org/is-date-object/-/is-date-object-1.0.1.tgz",
      "integrity": "sha1-mqIOtq7rv/d/vTPnTKAbM1gdOhY=",
      "dev": true
    },
    "is-electron": {
      "version": "2.0.0",
      "resolved": "https://registry.npmjs.org/is-electron/-/is-electron-2.0.0.tgz",
      "integrity": "sha1-yC01mWQPffkchOqu52vFZxPGrHk="
    },
    "is-function": {
      "version": "1.0.1",
      "resolved": "https://registry.npmjs.org/is-function/-/is-function-1.0.1.tgz",
      "integrity": "sha1-Es+5i2W1fdPRk6MSH19uL0N2ArU=",
      "dev": true
    },
    "is-regex": {
      "version": "1.0.3",
      "resolved": "https://registry.npmjs.org/is-regex/-/is-regex-1.0.3.tgz",
      "integrity": "sha1-DVUYK9358v3ieCIK7Dp1ZCyQhjc=",
      "dev": true
    },
    "is-symbol": {
      "version": "1.0.1",
      "resolved": "https://registry.npmjs.org/is-symbol/-/is-symbol-1.0.1.tgz",
      "integrity": "sha1-PMWfAAJRlLarLjjbrmaJJWtmBXI=",
      "dev": true
    },
    "json-buffer": {
      "version": "2.0.11",
      "resolved": "https://registry.npmjs.org/json-buffer/-/json-buffer-2.0.11.tgz",
      "integrity": "sha1-PkQf2jCYvo0eMXGtWRvGKjPi1V8="
    },
    "libsodium": {
      "version": "0.2.12",
      "resolved": "https://registry.npmjs.org/libsodium/-/libsodium-0.2.12.tgz",
      "integrity": "sha1-gwg1ZNzwicuCpQNb6Sul0iSizN4="
    },
    "libsodium-wrappers": {
      "version": "0.2.12",
      "resolved": "https://registry.npmjs.org/libsodium-wrappers/-/libsodium-wrappers-0.2.12.tgz",
      "integrity": "sha1-UftQd0uO3FF5J7MHuBKkbDpGfh4=",
      "requires": {
        "libsodium": "0.2.12"
      }
    },
    "looper": {
      "version": "3.0.0",
      "resolved": "https://registry.npmjs.org/looper/-/looper-3.0.0.tgz",
      "integrity": "sha1-LvpUw7HLq6m5Su4uWRSwvlf7t0k="
    },
    "map-merge": {
      "version": "1.1.0",
      "resolved": "https://registry.npmjs.org/map-merge/-/map-merge-1.1.0.tgz",
      "integrity": "sha1-am/FjJXYqrRsK93kTVFbbuBvzjQ="
    },
    "minimatch": {
      "version": "3.0.3",
      "resolved": "https://registry.npmjs.org/minimatch/-/minimatch-3.0.3.tgz",
      "integrity": "sha1-Kk5AkLlrLbBqnX3wEFWmKnfJt3Q=",
      "dev": true,
      "requires": {
        "brace-expansion": "1.1.6"
      }
    },
    "minimist": {
      "version": "1.2.0",
      "resolved": "https://registry.npmjs.org/minimist/-/minimist-1.2.0.tgz",
      "integrity": "sha1-o1AIsg9BOD7sH7kU9M1d95omQoQ=",
      "dev": true
    },
    "multiserver": {
      "version": "1.10.0",
      "resolved": "https://registry.npmjs.org/multiserver/-/multiserver-1.10.0.tgz",
      "integrity": "sha1-0pig0AKOClhvkLufyURoTUI5D4g=",
      "requires": {
        "pull-cat": "1.1.11",
        "pull-stream": "3.6.0",
        "pull-ws": "3.2.8",
        "secret-handshake": "1.1.11",
        "separator-escape": "0.0.0",
        "socks": "1.1.9",
        "stream-to-pull-stream": "1.7.2"
      }
    },
    "muxrpc": {
      "version": "7.0.0",
      "resolved": "https://registry.npmjs.org/muxrpc/-/muxrpc-7.0.0.tgz",
      "integrity": "sha1-39ymdKxWiKf6NuK6tcOceda4DHM=",
      "requires": {
        "explain-error": "1.0.4",
        "packet-stream-codec": "1.1.1",
        "pull-goodbye": "0.0.1",
        "pull-stream": "3.6.0",
        "push-mux": "1.0.1",
        "push-stream-to-pull-stream": "1.0.0"
      }
    },
    "nan": {
      "version": "2.6.2",
      "resolved": "https://registry.npmjs.org/nan/-/nan-2.6.2.tgz",
      "integrity": "sha1-5P805slf37WuzAjeZZb0NgWn20U=",
      "optional": true
    },
    "node-gyp-build": {
      "version": "3.2.0",
      "resolved": "https://registry.npmjs.org/node-gyp-build/-/node-gyp-build-3.2.0.tgz",
      "integrity": "sha1-KDvgdJJKq7kkDOP4gMfKDI56ANw=",
      "optional": true
    },
    "non-private-ip": {
      "version": "1.4.1",
      "resolved": "https://registry.npmjs.org/non-private-ip/-/non-private-ip-1.4.1.tgz",
      "integrity": "sha1-rbot9oDK5s1rBWEQIpQg77bM9IM=",
      "requires": {
        "ip": "0.3.3"
      },
      "dependencies": {
        "ip": {
          "version": "0.3.3",
          "resolved": "https://registry.npmjs.org/ip/-/ip-0.3.3.tgz",
          "integrity": "sha1-jugwnpLwsEDSh/cu+soaIXAtP7Q="
        }
      }
    },
    "object-inspect": {
      "version": "1.2.1",
      "resolved": "https://registry.npmjs.org/object-inspect/-/object-inspect-1.2.1.tgz",
      "integrity": "sha1-O2Iibrj21EF1HH2PIqIP+ArJ3D8=",
      "dev": true
    },
    "object-keys": {
      "version": "1.0.11",
      "resolved": "https://registry.npmjs.org/object-keys/-/object-keys-1.0.11.tgz",
      "integrity": "sha1-xUYBd4rVYPEULODgG8yotW0TQm0=",
      "dev": true
    },
    "once": {
      "version": "1.4.0",
      "resolved": "https://registry.npmjs.org/once/-/once-1.4.0.tgz",
      "integrity": "sha1-WDsap3WWHUsROsF9nFC6753Xa9E=",
      "dev": true,
      "requires": {
        "wrappy": "1.0.2"
      }
    },
    "options": {
      "version": "0.0.6",
      "resolved": "https://registry.npmjs.org/options/-/options-0.0.6.tgz",
      "integrity": "sha1-7CLTEoBrtT5zF3Pnza788cZDEo8="
    },
    "packet-stream-codec": {
      "version": "1.1.1",
      "resolved": "https://registry.npmjs.org/packet-stream-codec/-/packet-stream-codec-1.1.1.tgz",
      "integrity": "sha1-EH3shQrZ0npjMQ6xRw6Cp+kKHFg=",
      "requires": {
        "pull-reader": "1.2.8",
        "pull-through": "1.0.18"
      }
    },
    "path-is-absolute": {
      "version": "1.0.1",
      "resolved": "https://registry.npmjs.org/path-is-absolute/-/path-is-absolute-1.0.1.tgz",
      "integrity": "sha1-F0uSaHNVNP+8es5r9TpanhtcX18=",
      "dev": true
    },
    "pull-abortable": {
      "version": "4.0.0",
      "resolved": "https://registry.npmjs.org/pull-abortable/-/pull-abortable-4.0.0.tgz",
      "integrity": "sha1-cBephMO4NN53usOMELd28i38GEM="
    },
    "pull-box-stream": {
      "version": "1.0.13",
      "resolved": "https://registry.npmjs.org/pull-box-stream/-/pull-box-stream-1.0.13.tgz",
      "integrity": "sha1-w+JAOY6rP1lRsu0QeMWYi/egork=",
      "requires": {
        "chloride": "2.2.7",
        "increment-buffer": "1.0.1",
        "pull-reader": "1.2.8",
        "pull-stream": "3.6.0",
        "pull-through": "1.0.18",
        "split-buffer": "1.0.0"
      }
    },
    "pull-cat": {
      "version": "1.1.11",
      "resolved": "https://registry.npmjs.org/pull-cat/-/pull-cat-1.1.11.tgz",
      "integrity": "sha1-tkLdElXaN2pwa220+pYvX9t0wxs="
    },
    "pull-goodbye": {
      "version": "0.0.1",
      "resolved": "https://registry.npmjs.org/pull-goodbye/-/pull-goodbye-0.0.1.tgz",
      "integrity": "sha1-TZNx7w4i3OMgAOqUnJIvL5+Paeo="
    },
    "pull-handshake": {
      "version": "1.1.4",
      "resolved": "https://registry.npmjs.org/pull-handshake/-/pull-handshake-1.1.4.tgz",
      "integrity": "sha1-YACg/QGIhM39c3JU+Mxgqypjd5E=",
      "requires": {
        "pull-cat": "1.1.11",
        "pull-pair": "1.1.0",
        "pull-pushable": "2.0.1",
        "pull-reader": "1.2.8"
      }
    },
    "pull-inactivity": {
      "version": "2.1.2",
      "resolved": "https://registry.npmjs.org/pull-inactivity/-/pull-inactivity-2.1.2.tgz",
      "integrity": "sha1-N6PW67+sKSzUNfXkgeUHTIwfrXU=",
      "requires": {
        "pull-abortable": "4.0.0",
        "pull-stream": "3.6.0"
      }
    },
    "pull-looper": {
      "version": "1.0.0",
      "resolved": "https://registry.npmjs.org/pull-looper/-/pull-looper-1.0.0.tgz",
      "integrity": "sha512-djlD60A6NGe5goLdP5pgbqzMEiWmk1bInuAzBp0QOH4vDrVwh05YDz6UP8+pOXveKEk8wHVP+rB2jBrK31QMPA==",
      "requires": {
        "looper": "4.0.0"
      },
      "dependencies": {
        "looper": {
          "version": "4.0.0",
          "resolved": "https://registry.npmjs.org/looper/-/looper-4.0.0.tgz",
          "integrity": "sha1-dwat7VmpntygbmtUu4bI7BnJUVU="
        }
      }
    },
    "pull-pair": {
      "version": "1.1.0",
      "resolved": "https://registry.npmjs.org/pull-pair/-/pull-pair-1.1.0.tgz",
      "integrity": "sha1-fuQnJj/fTaglOXrAoF4atLdL120="
    },
    "pull-pushable": {
      "version": "2.0.1",
      "resolved": "https://registry.npmjs.org/pull-pushable/-/pull-pushable-2.0.1.tgz",
      "integrity": "sha1-Ar3KUaOc9YX0g/vs3i/JN4B28hI="
    },
    "pull-rate": {
      "version": "1.0.2",
      "resolved": "https://registry.npmjs.org/pull-rate/-/pull-rate-1.0.2.tgz",
      "integrity": "sha1-F7IxrV81n2dYJmcBcrDlkMiWTo0=",
      "requires": {
        "pull-stream": "3.6.0"
      }
    },
    "pull-reader": {
      "version": "1.2.8",
      "resolved": "https://registry.npmjs.org/pull-reader/-/pull-reader-1.2.8.tgz",
      "integrity": "sha1-pnPIN9rmu6ziX9BID8arVYMVhGM="
    },
    "pull-stream": {
      "version": "3.6.0",
      "resolved": "https://registry.npmjs.org/pull-stream/-/pull-stream-3.6.0.tgz",
      "integrity": "sha1-WdAzpoFdTjCX1Hw9KxiTqeWKI1E="
    },
    "pull-through": {
      "version": "1.0.18",
      "resolved": "https://registry.npmjs.org/pull-through/-/pull-through-1.0.18.tgz",
      "integrity": "sha1-jdYjFCY+Wc9Qlur7sSeitu8xBzU=",
      "requires": {
        "looper": "3.0.0"
      }
    },
    "pull-ws": {
      "version": "3.2.8",
      "resolved": "https://registry.npmjs.org/pull-ws/-/pull-ws-3.2.8.tgz",
      "integrity": "sha1-Czq+usFTmeFdDbJMvt3cfdg2Py4=",
      "requires": {
        "relative-url": "1.0.2",
        "ws": "1.1.4"
      }
    },
    "push-mux": {
      "version": "1.0.1",
      "resolved": "https://registry.npmjs.org/push-mux/-/push-mux-1.0.1.tgz",
      "integrity": "sha1-YS3WlChBOn74TREbJCwRCD51A4A=",
      "requires": {
        "push-stream": "10.0.0"
      }
    },
    "push-stream": {
      "version": "10.0.0",
      "resolved": "https://registry.npmjs.org/push-stream/-/push-stream-10.0.0.tgz",
      "integrity": "sha1-nOWOycIn0cg4IXzt21G1XvPfmz4="
    },
    "push-stream-to-pull-stream": {
      "version": "1.0.0",
      "resolved": "https://registry.npmjs.org/push-stream-to-pull-stream/-/push-stream-to-pull-stream-1.0.0.tgz",
      "integrity": "sha1-nrdkYdzquX/wyWO+T2xEJA3zD6o=",
      "requires": {
        "pull-looper": "1.0.0"
      }
    },
    "relative-url": {
      "version": "1.0.2",
      "resolved": "https://registry.npmjs.org/relative-url/-/relative-url-1.0.2.tgz",
      "integrity": "sha1-0hxSpy1gYQGLzun5yfwQa/fWUoc="
    },
    "resolve": {
      "version": "1.1.7",
      "resolved": "https://registry.npmjs.org/resolve/-/resolve-1.1.7.tgz",
      "integrity": "sha1-IDEU2CrSxe2ejgQRs5ModeiJ6Xs=",
      "dev": true
    },
    "resumer": {
      "version": "0.0.0",
      "resolved": "https://registry.npmjs.org/resumer/-/resumer-0.0.0.tgz",
      "integrity": "sha1-8ej0YeQGS6Oegq883CqMiT0HZ1k=",
      "dev": true,
      "requires": {
        "through": "2.3.8"
      }
    },
    "secret-handshake": {
      "version": "1.1.11",
      "resolved": "https://registry.npmjs.org/secret-handshake/-/secret-handshake-1.1.11.tgz",
      "integrity": "sha1-I51hNnjx5cUPIj8mBfNkdc79Zl4=",
      "requires": {
        "chloride": "2.2.7",
        "deep-equal": "1.0.1",
        "pull-box-stream": "1.0.13",
        "pull-handshake": "1.1.4",
        "pull-stream": "3.6.0"
      }
    },
    "separator-escape": {
      "version": "0.0.0",
      "resolved": "https://registry.npmjs.org/separator-escape/-/separator-escape-0.0.0.tgz",
      "integrity": "sha1-5DNnaTICBFTjwUhwxRfqHeVsL6Q="
    },
    "sha.js": {
      "version": "2.4.5",
      "resolved": "https://registry.npmjs.org/sha.js/-/sha.js-2.4.5.tgz",
      "integrity": "sha1-J9Fx78yCoRi5ljn/WBZgJCtQbnw=",
      "requires": {
        "inherits": "2.0.3"
      }
    },
    "smart-buffer": {
      "version": "1.0.11",
      "resolved": "https://registry.npmjs.org/smart-buffer/-/smart-buffer-1.0.11.tgz",
      "integrity": "sha1-MFAzcJio5M3wNQ/vY90UYEn/lAo="
    },
    "socks": {
      "version": "1.1.9",
      "resolved": "https://registry.npmjs.org/socks/-/socks-1.1.9.tgz",
      "integrity": "sha1-Yo1+TQSRJDVEWsC25Fk3bLPm1pE=",
      "requires": {
        "ip": "1.1.5",
        "smart-buffer": "1.0.11"
      }
    },
    "sodium-browserify": {
      "version": "1.2.1",
      "resolved": "https://registry.npmjs.org/sodium-browserify/-/sodium-browserify-1.2.1.tgz",
      "integrity": "sha1-sLVZyjaYFnkIUhSFXiZkXfZ6rxw=",
      "requires": {
        "libsodium-wrappers": "0.2.12",
        "sha.js": "2.4.5",
        "tweetnacl": "0.14.3"
      }
    },
    "sodium-browserify-tweetnacl": {
      "version": "0.2.2",
      "resolved": "https://registry.npmjs.org/sodium-browserify-tweetnacl/-/sodium-browserify-tweetnacl-0.2.2.tgz",
      "integrity": "sha1-vkItoRk9SZ2HS9Y9PiwcdqMO5I8=",
      "requires": {
        "chloride-test": "1.1.1",
        "ed2curve": "0.1.4",
        "sha.js": "2.4.8",
        "tweetnacl": "0.14.3",
        "tweetnacl-auth": "0.3.0"
      },
      "dependencies": {
        "sha.js": {
          "version": "2.4.8",
          "resolved": "https://registry.npmjs.org/sha.js/-/sha.js-2.4.8.tgz",
          "integrity": "sha1-NwaMLEdra69ALRSknGf1l5IfY08=",
          "requires": {
            "inherits": "2.0.3"
          }
        }
      }
    },
    "sodium-chloride": {
      "version": "1.1.0",
      "resolved": "https://registry.npmjs.org/sodium-chloride/-/sodium-chloride-1.1.0.tgz",
      "integrity": "sha1-JHojS4iGf23/UTMrYF8ZOmW/aDk="
    },
    "sodium-native": {
      "version": "1.10.2",
      "resolved": "https://registry.npmjs.org/sodium-native/-/sodium-native-1.10.2.tgz",
      "integrity": "sha1-GGJSZnvJXTKLq67y3Zd4W4UkD/w=",
      "optional": true,
      "requires": {
        "nan": "2.6.2",
        "node-gyp-build": "3.2.0"
      }
    },
    "split-buffer": {
      "version": "1.0.0",
      "resolved": "https://registry.npmjs.org/split-buffer/-/split-buffer-1.0.0.tgz",
      "integrity": "sha1-t+jgq1E0UVi3LB9tvvJAbVHx0Cc="
    },
    "stream-to-pull-stream": {
      "version": "1.7.2",
      "resolved": "https://registry.npmjs.org/stream-to-pull-stream/-/stream-to-pull-stream-1.7.2.tgz",
      "integrity": "sha1-dXYJrhzr0zx0MtSvvjH/eGULnd4=",
      "requires": {
        "looper": "3.0.0",
        "pull-stream": "3.6.0"
      }
    },
    "string.prototype.trim": {
      "version": "1.1.2",
      "resolved": "https://registry.npmjs.org/string.prototype.trim/-/string.prototype.trim-1.1.2.tgz",
      "integrity": "sha1-0E3iyJ4Tf019IG8Ia17S+ua+jOo=",
      "dev": true,
      "requires": {
        "define-properties": "1.1.2",
        "es-abstract": "1.6.1",
        "function-bind": "1.1.0"
      }
    },
    "tape": {
      "version": "4.6.3",
      "resolved": "https://registry.npmjs.org/tape/-/tape-4.6.3.tgz",
      "integrity": "sha1-Y353WB6ass4XV36b1M5PV1gG2LY=",
      "dev": true,
      "requires": {
        "deep-equal": "1.0.1",
        "defined": "1.0.0",
        "for-each": "0.3.2",
        "function-bind": "1.1.0",
        "glob": "7.1.1",
        "has": "1.0.1",
        "inherits": "2.0.3",
        "minimist": "1.2.0",
        "object-inspect": "1.2.1",
        "resolve": "1.1.7",
        "resumer": "0.0.0",
        "string.prototype.trim": "1.1.2",
        "through": "2.3.8"
      }
    },
    "through": {
      "version": "2.3.8",
      "resolved": "https://registry.npmjs.org/through/-/through-2.3.8.tgz",
      "integrity": "sha1-DdTJ/6q8NXlgsbckEV1+Doai4fU=",
      "dev": true
    },
    "tweetnacl": {
      "version": "0.14.3",
      "resolved": "https://registry.npmjs.org/tweetnacl/-/tweetnacl-0.14.3.tgz",
      "integrity": "sha1-PaOC9nDyXe1417PReSEZvKC3Ey0="
    },
    "tweetnacl-auth": {
      "version": "0.3.0",
      "resolved": "https://registry.npmjs.org/tweetnacl-auth/-/tweetnacl-auth-0.3.0.tgz",
      "integrity": "sha1-yDA+GSdC74aU+5E9GKk0UKCEkeg=",
      "requires": {
        "tweetnacl": "0.14.3"
      }
    },
    "ultron": {
      "version": "1.0.2",
      "resolved": "https://registry.npmjs.org/ultron/-/ultron-1.0.2.tgz",
      "integrity": "sha1-rOEWq1V80Zc4ak6I9GhTeMiy5Po="
    },
    "wrappy": {
      "version": "1.0.2",
      "resolved": "https://registry.npmjs.org/wrappy/-/wrappy-1.0.2.tgz",
      "integrity": "sha1-tSQ9jz7BqjXxNkYFvA0QNuMKtp8=",
      "dev": true
    },
    "ws": {
      "version": "1.1.4",
      "resolved": "https://registry.npmjs.org/ws/-/ws-1.1.4.tgz",
      "integrity": "sha1-V/QNA2gy5fUFVmKjl8Tedu1mv2E=",
      "requires": {
        "options": "0.0.6",
        "ultron": "1.0.2"
      }
    }
  }
}
